
Microsoft Visual Studio Solution File, Format Version 12.00
# Visual Studio Version 16
VisualStudioVersion = 16.0.30002.166
MinimumVisualStudioVersion = 10.0.40219.1
Project("{FAE04EC0-301F-11D3-BF4B-00C04F79EFBC}") = "PlaylistDownLoader", "PlaylistDownLoader\PlaylistDownLoader.csproj", "{B6E3D2AE-C05D-4995-A1E6-F4FB60964DFA}"
EndProject
Global
	GlobalSection(SolutionConfigurationPlatforms) = preSolution
		Debug|Any CPU = Debug|Any CPU
		Release|Any CPU = Release|Any CPU
	EndGlobalSection
	GlobalSection(ProjectConfigurationPlatforms) = postSolution
		{B6E3D2AE-C05D-4995-A1E6-F4FB60964DFA}.Debug|Any CPU.ActiveCfg = Debug|Any CPU
		{B6E3D2AE-C05D-4995-A1E6-F4FB60964DFA}.Debug|Any CPU.Build.0 = Debug|Any CPU
		{B6E3D2AE-C05D-4995-A1E6-F4FB60964DFA}.Release|Any CPU.ActiveCfg = Release|Any CPU
		{B6E3D2AE-C05D-4995-A1E6-F4FB60964DFA}.Release|Any CPU.Build.0 = Release|Any CPU
	EndGlobalSection
	GlobalSection(SolutionProperties) = preSolution
		HideSolutionNode = FALSE
	EndGlobalSection
	GlobalSection(ExtensibilityGlobals) = postSolution
		SolutionGuid = {D469A2DE-A964-41E2-9646-7ACCCC09E44B}
	EndGlobalSection
EndGlobal
